
Microsoft Visual Studio Solution File, Format Version 12.00
# Visual Studio Version 17
VisualStudioVersion = 17.3.32929.385
MinimumVisualStudioVersion = 10.0.40219.1
Project("{FAE04EC0-301F-11D3-BF4B-00C04F79EFBC}") = "Samsung modeli", "Samsung modeli\Samsung modeli.csproj", "{DD731A4C-598E-4D72-BAC4-949252CF5591}"
EndProject
Global
	GlobalSection(SolutionConfigurationPlatforms) = preSolution
		Debug|Any CPU = Debug|Any CPU
		Release|Any CPU = Release|Any CPU
	EndGlobalSection
	GlobalSection(ProjectConfigurationPlatforms) = postSolution
		{DD731A4C-598E-4D72-BAC4-949252CF5591}.Debug|Any CPU.ActiveCfg = Debug|Any CPU
		{DD731A4C-598E-4D72-BAC4-949252CF5591}.Debug|Any CPU.Build.0 = Debug|Any CPU
		{DD731A4C-598E-4D72-BAC4-949252CF5591}.Release|Any CPU.ActiveCfg = Release|Any CPU
		{DD731A4C-598E-4D72-BAC4-949252CF5591}.Release|Any CPU.Build.0 = Release|Any CPU
	EndGlobalSection
	GlobalSection(SolutionProperties) = preSolution
		HideSolutionNode = FALSE
	EndGlobalSection
	GlobalSection(ExtensibilityGlobals) = postSolution
		SolutionGuid = {F3AAC41D-B903-4C86-8B16-7B954FB03B2A}
	EndGlobalSection
EndGlobal
